
Microsoft Visual Studio Solution File, Format Version 12.00
# Visual Studio Version 17
VisualStudioVersion = 17.4.33110.190
MinimumVisualStudioVersion = 10.0.40219.1
Project("{FAE04EC0-301F-11D3-BF4B-00C04F79EFBC}") = "DiarOOP", "DiarOOP\DiarOOP.csproj", "{8203F742-136E-4F1D-9613-36B71C10F819}"
EndProject
Global
	GlobalSection(SolutionConfigurationPlatforms) = preSolution
		Debug|Any CPU = Debug|Any CPU
		Release|Any CPU = Release|Any CPU
	EndGlobalSection
	GlobalSection(ProjectConfigurationPlatforms) = postSolution
		{8203F742-136E-4F1D-9613-36B71C10F819}.Debug|Any CPU.ActiveCfg = Debug|Any CPU
		{8203F742-136E-4F1D-9613-36B71C10F819}.Debug|Any CPU.Build.0 = Debug|Any CPU
		{8203F742-136E-4F1D-9613-36B71C10F819}.Release|Any CPU.ActiveCfg = Release|Any CPU
		{8203F742-136E-4F1D-9613-36B71C10F819}.Release|Any CPU.Build.0 = Release|Any CPU
	EndGlobalSection
	GlobalSection(SolutionProperties) = preSolution
		HideSolutionNode = FALSE
	EndGlobalSection
	GlobalSection(ExtensibilityGlobals) = postSolution
		SolutionGuid = {6A0B7053-EAB5-4F81-AB04-2ADA0FA9EDC3}
	EndGlobalSection
EndGlobal
